
Microsoft Visual Studio Solution File, Format Version 12.00
# Visual Studio Version 16
VisualStudioVersion = 16.0.30320.27
MinimumVisualStudioVersion = 10.0.40219.1
Project("{FAE04EC0-301F-11D3-BF4B-00C04F79EFBC}") = "SampleWebApi", "src\SampleWebApi\SampleWebApi.csproj", "{742B2207-EF56-409B-BD99-D8502118BD52}"
EndProject
Project("{FAE04EC0-301F-11D3-BF4B-00C04F79EFBC}") = "DashboardMonitor", "src\DashboardMonitor\DashboardMonitor.csproj", "{C2CC69A6-1031-45D1-BB69-D37756FE5083}"
EndProject
Project("{E53339B2-1760-4266-BCC7-CA923CBCF16C}") = "docker-compose", "docker-compose.dcproj", "{460DA004-1E2F-4A87-AEE8-565FC72438DA}"
EndProject
Global
	GlobalSection(SolutionConfigurationPlatforms) = preSolution
		Debug|Any CPU = Debug|Any CPU
		Release|Any CPU = Release|Any CPU
	EndGlobalSection
	GlobalSection(ProjectConfigurationPlatforms) = postSolution
		{742B2207-EF56-409B-BD99-D8502118BD52}.Debug|Any CPU.ActiveCfg = Debug|Any CPU
		{742B2207-EF56-409B-BD99-D8502118BD52}.Debug|Any CPU.Build.0 = Debug|Any CPU
		{742B2207-EF56-409B-BD99-D8502118BD52}.Release|Any CPU.ActiveCfg = Release|Any CPU
		{742B2207-EF56-409B-BD99-D8502118BD52}.Release|Any CPU.Build.0 = Release|Any CPU
		{C2CC69A6-1031-45D1-BB69-D37756FE5083}.Debug|Any CPU.ActiveCfg = Debug|Any CPU
		{C2CC69A6-1031-45D1-BB69-D37756FE5083}.Debug|Any CPU.Build.0 = Debug|Any CPU
		{C2CC69A6-1031-45D1-BB69-D37756FE5083}.Release|Any CPU.ActiveCfg = Release|Any CPU
		{C2CC69A6-1031-45D1-BB69-D37756FE5083}.Release|Any CPU.Build.0 = Release|Any CPU
		{460DA004-1E2F-4A87-AEE8-565FC72438DA}.Debug|Any CPU.ActiveCfg = Debug|Any CPU
		{460DA004-1E2F-4A87-AEE8-565FC72438DA}.Debug|Any CPU.Build.0 = Debug|Any CPU
		{460DA004-1E2F-4A87-AEE8-565FC72438DA}.Release|Any CPU.ActiveCfg = Release|Any CPU
		{460DA004-1E2F-4A87-AEE8-565FC72438DA}.Release|Any CPU.Build.0 = Release|Any CPU
	EndGlobalSection
	GlobalSection(SolutionProperties) = preSolution
		HideSolutionNode = FALSE
	EndGlobalSection
	GlobalSection(ExtensibilityGlobals) = postSolution
		SolutionGuid = {4C79DCA8-4C16-4CF5-A3F7-F94F63A2599B}
	EndGlobalSection
EndGlobal
